github.com/cenkalti/backoff/v4 v4.3.0 h1:MyRJ/UdXutAwSAT+s3wNd7MfTIcy71VQueUuFK343L8=
github.com/cenkalti/backoff/v4 v4.3.0/go.mod h1:Y3VNntkOUPxTVeUxJ/G5vcM//AlwfmyYozVcomhLiZE=
github.com/daaku/ensure v1.0.1 h1:nnbJcD3PSxo6Jm7p8ODuw9WdMCHceF+z4fs+xCbj+PU=
github.com/daaku/ensure v1.0.1/go.mod h1:DtAAnvKyntGyC/wijZKtC48R79j6YDoePh1/idKgDwc=
github.com/daaku/errgroup v0.1.0 h1:nGfcbWqxN4F9mqFco6FRpBQN/MSkFxBCV2RswG/0VxY=
github.com/daaku/errgroup v0.1.0/go.mod h1:A/6+jLu6eSK79TO5+Q2g3nQJatW2AjNx/ucnepPx2ZU=
github.com/daaku/http2nc v0.1.2 h1:F5MLUDF3gqRKr8IhT+VT1/l7cwjIiliH6djnHkB2W9k=
github.com/daaku/http2nc v0.1.2/go.mod h1:4b19aZ1Tv3d0fA2sNke7XfkowsImj+8p9uhHyDHjYEU=
github.com/davecgh/go-spew v1.1.1 h1:vj9j/u1bqnvCEfJOwUhtlOARqs3+rkHYY13jYWTU97c=
github.com/davecgh/go-spew v1.1.1/go.mod h1:J7Y8YcW2NihsgmVo/mv3lAwl/skON4iLHjSsI+c5H38=
github.com/hashicorp/yamux v0.1.2 h1:XtB8kyFOyHXYVFnwT5C3+Bdo8gArse7j2AQ0DA0Uey8=
github.com/hashicorp/yamux v0.1.2/go.mod h1:C+zze2n6e/7wshOZep2A70/aQU6QBRWJO/G6FT1wIns=
github.com/pelletier/go-toml/v2 v2.2.4 h1:mye9XuhQ6gvn5h28+VilKrrPoQVanw5PMw/TB0t5Ec4=
github.com/pelletier/go-toml/v2 v2.2.4/go.mod h1:2gIqNv+qfxSVS7cM2xJQKtLSTLUE9V8t9Stt+h56mCY=
github.com/pkg/errors v0.9.1 h1:FEBLx1zS214owpjy7qsBeixbURkuhQAwrK5UwLGTwt4=
github.com/pkg/errors v0.9.1/go.mod h1:bwawxfHBFNV+L2hUp1rHADufV3IMtnDRdf1r5NINEl0=
golang.org/x/sync v0.8.0 h1:3NFvSEYkUoMifnESzZl15y791HH1qU2xm6eCJU5ZPXQ=
golang.org/x/sync v0.8.0/go.mod h1:Czt+wKu1gCyEFDUtn0jG5QVvpJ6rzVqr5aXyt9drQfk=
